
Microsoft Visual Studio Solution File, Format Version 12.00
# Visual Studio Version 17
VisualStudioVersion = 17.9.34723.18
MinimumVisualStudioVersion = 10.0.40219.1
Project("{FAE04EC0-301F-11D3-BF4B-00C04F79EFBC}") = "Labb 2 Bildtjänster i Azure AI", "Labb 2 Bildtjänster i Azure AI\Labb 2 Bildtjänster i Azure AI.csproj", "{B099B547-895C-4EE5-A0DC-B4F17A187F13}"
EndProject
Global
	GlobalSection(SolutionConfigurationPlatforms) = preSolution
		Debug|Any CPU = Debug|Any CPU
		Release|Any CPU = Release|Any CPU
	EndGlobalSection
	GlobalSection(ProjectConfigurationPlatforms) = postSolution
		{B099B547-895C-4EE5-A0DC-B4F17A187F13}.Debug|Any CPU.ActiveCfg = Debug|Any CPU
		{B099B547-895C-4EE5-A0DC-B4F17A187F13}.Debug|Any CPU.Build.0 = Debug|Any CPU
		{B099B547-895C-4EE5-A0DC-B4F17A187F13}.Release|Any CPU.ActiveCfg = Release|Any CPU
		{B099B547-895C-4EE5-A0DC-B4F17A187F13}.Release|Any CPU.Build.0 = Release|Any CPU
	EndGlobalSection
	GlobalSection(SolutionProperties) = preSolution
		HideSolutionNode = FALSE
	EndGlobalSection
	GlobalSection(ExtensibilityGlobals) = postSolution
		SolutionGuid = {188006AD-83A4-486D-94ED-6F1DBCF52ECB}
	EndGlobalSection
EndGlobal
